
Microsoft Visual Studio Solution File, Format Version 12.00
# Visual Studio Version 16
VisualStudioVersion = 16.0.29009.5
MinimumVisualStudioVersion = 10.0.40219.1
Project("{FAE04EC0-301F-11D3-BF4B-00C04F79EFBC}") = "UDPCLIENT", "UDPCLIENT\UDPCLIENT.csproj", "{2C01CBFF-747C-47E1-83CD-991A9694FD1C}"
EndProject
Global
	GlobalSection(SolutionConfigurationPlatforms) = preSolution
		Debug|Any CPU = Debug|Any CPU
		Release|Any CPU = Release|Any CPU
	EndGlobalSection
	GlobalSection(ProjectConfigurationPlatforms) = postSolution
		{2C01CBFF-747C-47E1-83CD-991A9694FD1C}.Debug|Any CPU.ActiveCfg = Debug|Any CPU
		{2C01CBFF-747C-47E1-83CD-991A9694FD1C}.Debug|Any CPU.Build.0 = Debug|Any CPU
		{2C01CBFF-747C-47E1-83CD-991A9694FD1C}.Release|Any CPU.ActiveCfg = Release|Any CPU
		{2C01CBFF-747C-47E1-83CD-991A9694FD1C}.Release|Any CPU.Build.0 = Release|Any CPU
	EndGlobalSection
	GlobalSection(SolutionProperties) = preSolution
		HideSolutionNode = FALSE
	EndGlobalSection
	GlobalSection(ExtensibilityGlobals) = postSolution
		SolutionGuid = {ED80CC5D-429C-481F-B869-16C3996049DC}
	EndGlobalSection
EndGlobal
